
Microsoft Visual Studio Solution File, Format Version 12.00
# Visual Studio 15
VisualStudioVersion = 15.0.27703.2047
MinimumVisualStudioVersion = 10.0.40219.1
Project("{9A19103F-16F7-4668-BE54-9A1E7A4F7556}") = "CORE_2_1_API", "CORE_2_1_API\CORE_2_1_API.csproj", "{7FBB6AF7-FD27-4C97-A58A-A4874C7B53D6}"
EndProject
Project("{9092AA53-FB77-4645-B42D-1CCCA6BD08BD}") = "React-App", "React-App\React-App.njsproj", "{1F663711-BC59-4941-BAD8-59F262373D2F}"
EndProject
Project("{2150E333-8FDC-42A3-9474-1A3956D46DE8}") = "shared", "shared", "{D0FC8A2F-32B6-4D6E-8192-AEC268216E98}"
	ProjectSection(SolutionItems) = preProject
		test.tsx = test.tsx
	EndProjectSection
EndProject
Global
	GlobalSection(SolutionConfigurationPlatforms) = preSolution
		Debug|Any CPU = Debug|Any CPU
		Release|Any CPU = Release|Any CPU
	EndGlobalSection
	GlobalSection(ProjectConfigurationPlatforms) = postSolution
		{7FBB6AF7-FD27-4C97-A58A-A4874C7B53D6}.Debug|Any CPU.ActiveCfg = Debug|Any CPU
		{7FBB6AF7-FD27-4C97-A58A-A4874C7B53D6}.Debug|Any CPU.Build.0 = Debug|Any CPU
		{7FBB6AF7-FD27-4C97-A58A-A4874C7B53D6}.Release|Any CPU.ActiveCfg = Release|Any CPU
		{7FBB6AF7-FD27-4C97-A58A-A4874C7B53D6}.Release|Any CPU.Build.0 = Release|Any CPU
		{1F663711-BC59-4941-BAD8-59F262373D2F}.Debug|Any CPU.ActiveCfg = Debug|Any CPU
		{1F663711-BC59-4941-BAD8-59F262373D2F}.Debug|Any CPU.Build.0 = Debug|Any CPU
		{1F663711-BC59-4941-BAD8-59F262373D2F}.Release|Any CPU.ActiveCfg = Release|Any CPU
		{1F663711-BC59-4941-BAD8-59F262373D2F}.Release|Any CPU.Build.0 = Release|Any CPU
	EndGlobalSection
	GlobalSection(SolutionProperties) = preSolution
		HideSolutionNode = FALSE
	EndGlobalSection
	GlobalSection(ExtensibilityGlobals) = postSolution
		SolutionGuid = {C6239183-BE62-47A6-927E-F5FFE96BE61E}
	EndGlobalSection
EndGlobal
